Microsoft Visual Studio Solution File, Format Version 11.00
# Visual Studio 2010
Project("{FAE04EC0-301F-11D3-BF4B-00C04F79EFBC}") = "Lesson 3", "Lesson 3\Lesson 3.csproj", "{9EADEABF-3055-488C-90E7-E10A6ADED9CA}"
EndProject
Global
	GlobalSection(SolutionConfigurationPlatforms) = preSolution
		Debug|Any CPU = Debug|Any CPU
		Release|Any CPU = Release|Any CPU
	EndGlobalSection
	GlobalSection(ProjectConfigurationPlatforms) = postSolution
		{9EADEABF-3055-488C-90E7-E10A6ADED9CA}.Debug|Any CPU.ActiveCfg = Debug|Any CPU
		{9EADEABF-3055-488C-90E7-E10A6ADED9CA}.Debug|Any CPU.Build.0 = Debug|Any CPU
		{9EADEABF-3055-488C-90E7-E10A6ADED9CA}.Release|Any CPU.ActiveCfg = Release|Any CPU
		{9EADEABF-3055-488C-90E7-E10A6ADED9CA}.Release|Any CPU.Build.0 = Release|Any CPU
	EndGlobalSection
	GlobalSection(SolutionProperties) = preSolution
		HideSolutionNode = FALSE
	EndGlobalSection
EndGlobal
